# This file is automatically @generated by Poetry 1.8.3 and should not be changed by hand.

[[package]]
name = "fast-mail-parser"
version = "0.2.5"
description = "Very fast Python library for .eml files parsing."
optional = false
python-versions = ">=3.7.0"
files = [
    {file = "fast_mail_parser-0.2.5-cp310-cp310-macosx_10_7_x86_64.whl", hash = "sha256:c315ec5cab222b8fe139643b5e69c4b10605b7beb6048eb70746427ee63e7bbb"},
    {file = "fast_mail_parser-0.2.5-cp310-cp310-manylinux_2_5_x86_64.manylinux1_x86_64.whl", hash = "sha256:b29dae0fdbbb54300e15367a3789a180d6f98d64d772719b3c1df8f887be3514"},
    {file = "fast_mail_parser-0.2.5-cp310-none-win_amd64.whl", hash = "sha256:c6f1b80d53cad02c69c22de45ffc8a09b3e265d145aa0dfe2630d60fd4840807"},
    {file = "fast_mail_parser-0.2.5-cp37-cp37m-manylinux_2_5_x86_64.manylinux1_x86_64.whl", hash = "sha256:b51b5cd48c5007b950bf141ab0e914403967678c13fe7ca283ec5f4065e307f2"},
    {file = "fast_mail_parser-0.2.5-cp37-none-win_amd64.whl", hash = "sha256:6e94406c5ad25839ba197a295a5f9862716cd78dab885fc94d598c1338835893"},
    {file = "fast_mail_parser-0.2.5-cp38-cp38-manylinux_2_5_x86_64.manylinux1_x86_64.whl", hash = "sha256:a0d1c0c7faa0d0c74b311f110a5aa1c4bb10ad8349f2c0845656e184e5944b3f"},
    {file = "fast_mail_parser-0.2.5-cp38-none-win_amd64.whl", hash = "sha256:d97bbb7de769e5cd7f9d1deb112c1077f5fe353e495c44e74e7d7c9b26505676"},
    {file = "fast_mail_parser-0.2.5-cp39-cp39-macosx_10_7_x86_64.whl", hash = "sha256:6a6ac810e9947fd0cd8dc1e02b2aee782f7fa2f70e5e2cd39fdfb7bf2e7551e3"},
    {file = "fast_mail_parser-0.2.5-cp39-cp39-manylinux_2_5_x86_64.manylinux1_x86_64.whl", hash = "sha256:984271d7bbc55d0177e1e48b40e796cf66636c894c0f43c673732cca9b60b3f0"},
    {file = "fast_mail_parser-0.2.5-cp39-none-win_amd64.whl", hash = "sha256:93a5b2ff749dbee895c3cf4af22bebbb208dc508951ceab2c1a10ba81517adec"},
    {file = "fast_mail_parser-0.2.5-pp37-pypy37_pp73-manylinux_2_5_x86_64.manylinux1_x86_64.whl", hash = "sha256:6735edc75b1089c90d90cbf58198c9dd439e912d3d257212738c4ca512e4bc58"},
    {file = "fast_mail_parser-0.2.5.tar.gz", hash = "sha256:d4959d09e598e52885bed2b07ae8eeb148b89943ca4d220c11a6dc1ec5d84633"},
]

[metadata]
lock-version = "2.0"
python-versions = "^3.10"
content-hash = "753bada185147330d522a8bc11b41265b6ec5710f387556b5d695b94cc82abe9"
